// !$*UTF8*$!
{
	archiveVersion = 1;
	classes = {
	};
	objectVersion = 46;
	objects = {

/* Begin PBXAggregateTarget section */
		D91864AA16DFE6A600F90E44 /* Bane3DFramework */ = {
			isa = PBXAggregateTarget;
			buildConfigurationList = D91864AD16DFE6A600F90E44 /* Build configuration list for PBXAggregateTarget "Bane3DFramework" */;
			buildPhases = (
				D91864AE16DFE6D300F90E44 /* ShellScript */,
			);
			dependencies = (
			);
			name = Bane3DFramework;
			productName = Bane3DFramework;
		};
/* End PBXAggregateTarget section */

/* Begin PBXBuildFile section */
		100939B41826EF7C0055ABD6 /* CoreMotion.framework in Frameworks */ = {isa = PBXBuildFile; fileRef = 100939B31826EF7C0055ABD6 /* CoreMotion.framework */; };
		10445E4917FDE77700B8996A /* B3DMeshGeneric.m in Sources */ = {isa = PBXBuildFile; fileRef = 10445E4817FDE77700B8996A /* B3DMeshGeneric.m */; };
		10CF9FC017FE368A00D4222F /* B3DPoint.m in Sources */ = {isa = PBXBuildFile; fileRef = 10CF9FBF17FE368A00D4222F /* B3DPoint.m */; };
		D94498B416DE443500A71023 /* Foundation.framework in Frameworks */ = {isa = PBXBuildFile; fileRef = D94498B316DE443500A71023 /* Foundation.framework */; };
		D94498C316DE443500A71023 /* SenTestingKit.framework in Frameworks */ = {isa = PBXBuildFile; fileRef = D94498C216DE443500A71023 /* SenTestingKit.framework */; };
		D94498C616DE443500A71023 /* Foundation.framework in Frameworks */ = {isa = PBXBuildFile; fileRef = D94498B316DE443500A71023 /* Foundation.framework */; };
		D94498C916DE443500A71023 /* libBane3D.a in Frameworks */ = {isa = PBXBuildFile; fileRef = D94498B016DE443500A71023 /* libBane3D.a */; };
		D944998116DE5C2800A71023 /* B3DConstants.m in Sources */ = {isa = PBXBuildFile; fileRef = D94498E016DE5C2700A71023 /* B3DConstants.m */; };
		D944998216DE5C2800A71023 /* B3DDatatypes.m in Sources */ = {isa = PBXBuildFile; fileRef = D94498E216DE5C2700A71023 /* B3DDatatypes.m */; };
		D944998316DE5C2800A71023 /* Bane3DEngine.m in Sources */ = {isa = PBXBuildFile; fileRef = D94498E416DE5C2700A71023 /* Bane3DEngine.m */; };
		D944998416DE5C2800A71023 /* B3DGLKitViewController.m in Sources */ = {isa = PBXBuildFile; fileRef = D94498E716DE5C2700A71023 /* B3DGLKitViewController.m */; };
		D944998516DE5C2800A71023 /* B3DGLView.m in Sources */ = {isa = PBXBuildFile; fileRef = D94498E916DE5C2700A71023 /* B3DGLView.m */; };
		D944998616DE5C2800A71023 /* B3DGLViewController.m in Sources */ = {isa = PBXBuildFile; fileRef = D94498EB16DE5C2700A71023 /* B3DGLViewController.m */; };
		D944998716DE5C2800A71023 /* B3DInputManager.m in Sources */ = {isa = PBXBuildFile; fileRef = D94498EE16DE5C2700A71023 /* B3DInputManager.m */; };
		D944998816DE5C2800A71023 /* B3DMathHelper.m in Sources */ = {isa = PBXBuildFile; fileRef = D94498F216DE5C2700A71023 /* B3DMathHelper.m */; };
		D944998916DE5C2800A71023 /* B3DGeometryHelper.m in Sources */ = {isa = PBXBuildFile; fileRef = D94498F516DE5C2700A71023 /* B3DGeometryHelper.m */; };
		D944998B16DE5C2800A71023 /* B3DFrameBuffer.m in Sources */ = {isa = PBXBuildFile; fileRef = D94498FB16DE5C2700A71023 /* B3DFrameBuffer.m */; };
		D944998C16DE5C2800A71023 /* B3DGLStateManager.m in Sources */ = {isa = PBXBuildFile; fileRef = D94498FD16DE5C2700A71023 /* B3DGLStateManager.m */; };
		D944998D16DE5C2800A71023 /* B3DRenderMan.m in Sources */ = {isa = PBXBuildFile; fileRef = D94498FF16DE5C2700A71023 /* B3DRenderMan.m */; };
		D944998E16DE5C2800A71023 /* B3DOpaqueSpriteSorter.m in Sources */ = {isa = PBXBuildFile; fileRef = D944990216DE5C2800A71023 /* B3DOpaqueSpriteSorter.m */; };
		D944998F16DE5C2800A71023 /* B3DSpriteBatcher.m in Sources */ = {isa = PBXBuildFile; fileRef = D944990416DE5C2800A71023 /* B3DSpriteBatcher.m */; };
		D944999016DE5C2800A71023 /* B3DTransparentNodeSorter.m in Sources */ = {isa = PBXBuildFile; fileRef = D944990616DE5C2800A71023 /* B3DTransparentNodeSorter.m */; };
		D944999116DE5C2800A71023 /* B3DVerticeBatchHelper.m in Sources */ = {isa = PBXBuildFile; fileRef = D944990816DE5C2800A71023 /* B3DVerticeBatchHelper.m */; };
		D944999216DE5C2800A71023 /* B3DAudioAsset.m in Sources */ = {isa = PBXBuildFile; fileRef = D944990C16DE5C2800A71023 /* B3DAudioAsset.m */; };
		D944999316DE5C2800A71023 /* B3DAsset.m in Sources */ = {isa = PBXBuildFile; fileRef = D944990E16DE5C2800A71023 /* B3DAsset.m */; };
		D944999416DE5C2800A71023 /* B3DAssetManager.m in Sources */ = {isa = PBXBuildFile; fileRef = D944991016DE5C2800A71023 /* B3DAssetManager.m */; };
		D944999516DE5C2800A71023 /* B3DAssetSet.m in Sources */ = {isa = PBXBuildFile; fileRef = D944991216DE5C2800A71023 /* B3DAssetSet.m */; };
		D944999616DE5C2800A71023 /* B3DAssetToken.m in Sources */ = {isa = PBXBuildFile; fileRef = D944991416DE5C2800A71023 /* B3DAssetToken.m */; };
		D944999716DE5C2800A71023 /* B3DMaterial.m in Sources */ = {isa = PBXBuildFile; fileRef = D944991816DE5C2800A71023 /* B3DMaterial.m */; };
		D944999816DE5C2800A71023 /* B3DMesh.m in Sources */ = {isa = PBXBuildFile; fileRef = D944991B16DE5C2800A71023 /* B3DMesh.m */; };
		D944999916DE5C2800A71023 /* B3DMesh3DS.m in Sources */ = {isa = PBXBuildFile; fileRef = D944991D16DE5C2800A71023 /* B3DMesh3DS.m */; };
		D944999A16DE5C2800A71023 /* B3DVertexBuffer.m in Sources */ = {isa = PBXBuildFile; fileRef = D944991F16DE5C2800A71023 /* B3DVertexBuffer.m */; };
		D944999B16DE5C2800A71023 /* CB3DMeshLoader3DS.cpp in Sources */ = {isa = PBXBuildFile; fileRef = D944992116DE5C2800A71023 /* CB3DMeshLoader3DS.cpp */; };
		D944999C16DE5C2800A71023 /* B3DShader.m in Sources */ = {isa = PBXBuildFile; fileRef = D944992516DE5C2800A71023 /* B3DShader.m */; };
		D944999D16DE5C2800A71023 /* B3DShaderUniform.m in Sources */ = {isa = PBXBuildFile; fileRef = D944992716DE5C2800A71023 /* B3DShaderUniform.m */; };
		D944999E16DE5C2800A71023 /* B3DShaderUnit.m in Sources */ = {isa = PBXBuildFile; fileRef = D944992916DE5C2800A71023 /* B3DShaderUnit.m */; };
		D944999F16DE5C2800A71023 /* B3DShaderUnitFragment.m in Sources */ = {isa = PBXBuildFile; fileRef = D944992B16DE5C2800A71023 /* B3DShaderUnitFragment.m */; };
		D94499A016DE5C2800A71023 /* B3DShaderUnitVertex.m in Sources */ = {isa = PBXBuildFile; fileRef = D944992D16DE5C2800A71023 /* B3DShaderUnitVertex.m */; };
		D94499A116DE5C2800A71023 /* B3DTexture.m in Sources */ = {isa = PBXBuildFile; fileRef = D944993016DE5C2800A71023 /* B3DTexture.m */; };
		D94499A216DE5C2800A71023 /* B3DTextureFont.m in Sources */ = {isa = PBXBuildFile; fileRef = D944993216DE5C2800A71023 /* B3DTextureFont.m */; };
		D94499A316DE5C2800A71023 /* B3DTexturePNG.m in Sources */ = {isa = PBXBuildFile; fileRef = D944993416DE5C2800A71023 /* B3DTexturePNG.m */; };
		D94499A416DE5C2800A71023 /* B3DTexturePVR.m in Sources */ = {isa = PBXBuildFile; fileRef = D944993616DE5C2800A71023 /* B3DTexturePVR.m */; };
		D94499A516DE5C2800A71023 /* B3DNode.m in Sources */ = {isa = PBXBuildFile; fileRef = D944993916DE5C2800A71023 /* B3DNode.m */; };
		D94499A616DE5C2800A71023 /* B3DSceneManager.m in Sources */ = {isa = PBXBuildFile; fileRef = D944993B16DE5C2800A71023 /* B3DSceneManager.m */; };
		D94499A716DE5C2800A71023 /* B3DCamera.m in Sources */ = {isa = PBXBuildFile; fileRef = D944993E16DE5C2800A71023 /* B3DCamera.m */; };
		D94499A816DE5C2800A71023 /* B3DScene.m in Sources */ = {isa = PBXBuildFile; fileRef = D944994016DE5C2800A71023 /* B3DScene.m */; };
		D94499A916DE5C2800A71023 /* B3DTimer.m in Sources */ = {isa = PBXBuildFile; fileRef = D944994216DE5C2800A71023 /* B3DTimer.m */; };
		D94499AA16DE5C2800A71023 /* B3DLabel.m in Sources */ = {isa = PBXBuildFile; fileRef = D944994616DE5C2800A71023 /* B3DLabel.m */; };
		D94499AB16DE5C2800A71023 /* B3DSprite.m in Sources */ = {isa = PBXBuildFile; fileRef = D944994816DE5C2800A71023 /* B3DSprite.m */; };
		D94499AC16DE5C2800A71023 /* B3DGUIButton.m in Sources */ = {isa = PBXBuildFile; fileRef = D944994B16DE5C2800A71023 /* B3DGUIButton.m */; };
		D94499AD16DE5C2800A71023 /* B3DGUIDefaultSplashImage.m in Sources */ = {isa = PBXBuildFile; fileRef = D944994D16DE5C2800A71023 /* B3DGUIDefaultSplashImage.m */; };
		D94499AE16DE5C2800A71023 /* B3DGUIDraggable.m in Sources */ = {isa = PBXBuildFile; fileRef = D944994F16DE5C2800A71023 /* B3DGUIDraggable.m */; };
		D94499AF16DE5C2800A71023 /* B3DGUIImage.m in Sources */ = {isa = PBXBuildFile; fileRef = D944995116DE5C2800A71023 /* B3DGUIImage.m */; };
		D94499B016DE5C2800A71023 /* B3DGUITouchable.m in Sources */ = {isa = PBXBuildFile; fileRef = D944995316DE5C2800A71023 /* B3DGUITouchable.m */; };
		D94499B116DE5C2800A71023 /* B3DBaseModelNode.m in Sources */ = {isa = PBXBuildFile; fileRef = D944995616DE5C2800A71023 /* B3DBaseModelNode.m */; };
		D94499B216DE5C2800A71023 /* B3DVisibleNode.m in Sources */ = {isa = PBXBuildFile; fileRef = D944995816DE5C2800A71023 /* B3DVisibleNode.m */; };
		D94499B316DE5C2800A71023 /* B3DDefaultMaterial.m in Sources */ = {isa = PBXBuildFile; fileRef = D944995B16DE5C2800A71023 /* B3DDefaultMaterial.m */; };
		D94499B416DE5C2800A71023 /* B3DShaderDefaultAmbient.m in Sources */ = {isa = PBXBuildFile; fileRef = D944995E16DE5C2800A71023 /* B3DShaderDefaultAmbient.m */; };
		D94499B516DE5C2800A71023 /* B3DShaderDefaultBaseColor.m in Sources */ = {isa = PBXBuildFile; fileRef = D944996016DE5C2800A71023 /* B3DShaderDefaultBaseColor.m */; };
		D94499B616DE5C2800A71023 /* B3DShaderDefaultSimpleColor.m in Sources */ = {isa = PBXBuildFile; fileRef = D944996216DE5C2800A71023 /* B3DShaderDefaultSimpleColor.m */; };
		D94499BA16DE5C2800A71023 /* B3DAssert.m in Sources */ = {isa = PBXBuildFile; fileRef = D944996C16DE5C2800A71023 /* B3DAssert.m */; };
		D94499BB16DE5C2800A71023 /* B3DColor.m in Sources */ = {isa = PBXBuildFile; fileRef = D944996E16DE5C2800A71023 /* B3DColor.m */; };
		D94499BC16DE5C2800A71023 /* B3DDebug.m in Sources */ = {isa = PBXBuildFile; fileRef = D944997016DE5C2800A71023 /* B3DDebug.m */; };
		D94499BD16DE5C2800A71023 /* B3DHelper.c in Sources */ = {isa = PBXBuildFile; fileRef = D944997116DE5C2800A71023 /* B3DHelper.c */; };
		D94499BE16DE5C2800A71023 /* B3DTime.m in Sources */ = {isa = PBXBuildFile; fileRef = D944997416DE5C2800A71023 /* B3DTime.m */; };
		D94499C916DE5E6400A71023 /* NSData+MD5.m in Sources */ = {isa = PBXBuildFile; fileRef = D94499C216DE5E6400A71023 /* NSData+MD5.m */; };
		D94499CA16DE5E6400A71023 /* NSString+MD5.m in Sources */ = {isa = PBXBuildFile; fileRef = D94499C416DE5E6400A71023 /* NSString+MD5.m */; };
		D94499CB16DE5E6400A71023 /* NSString+Utils.m in Sources */ = {isa = PBXBuildFile; fileRef = D94499C616DE5E6400A71023 /* NSString+Utils.m */; };
		D94499CC16DE5E6400A71023 /* UIApplication+ApplicationDimensions.m in Sources */ = {isa = PBXBuildFile; fileRef = D94499C816DE5E6400A71023 /* UIApplication+ApplicationDimensions.m */; };
		D94499CE16DE6D6800A71023 /* Accelerate.framework in Frameworks */ = {isa = PBXBuildFile; fileRef = D94499CD16DE6D6700A71023 /* Accelerate.framework */; };
		D94499D016DE6D7100A71023 /* CoreGraphics.framework in Frameworks */ = {isa = PBXBuildFile; fileRef = D94499CF16DE6D7000A71023 /* CoreGraphics.framework */; };
		D94499D216DE6D7900A71023 /* OpenGLES.framework in Frameworks */ = {isa = PBXBuildFile; fileRef = D94499D116DE6D7700A71023 /* OpenGLES.framework */; };
		D94499D416DE6D8700A71023 /* GLKit.framework in Frameworks */ = {isa = PBXBuildFile; fileRef = D94499D316DE6D8600A71023 /* GLKit.framework */; };
		D94499D616DE6D9100A71023 /* QuartzCore.framework in Frameworks */ = {isa = PBXBuildFile; fileRef = D94499D516DE6D9000A71023 /* QuartzCore.framework */; };
		D94499D816DE6DC200A71023 /* UIKit.framework in Frameworks */ = {isa = PBXBuildFile; fileRef = D94499D716DE6DC100A71023 /* UIKit.framework */; };
		D94499D916DE6F9900A71023 /* Bane3DTests.m in Sources */ = {isa = PBXBuildFile; fileRef = D944997E16DE5C2800A71023 /* Bane3DTests.m */; };
/* End PBXBuildFile section */

/* Begin PBXContainerItemProxy section */
		D94498C716DE443500A71023 /* PBXContainerItemProxy */ = {
			isa = PBXContainerItemProxy;
			containerPortal = D94498A816DE443500A71023 /* Project object */;
			proxyType = 1;
			remoteGlobalIDString = D94498AF16DE443500A71023;
			remoteInfo = Bane3D;
		};
/* End PBXContainerItemProxy section */

/* Begin PBXCopyFilesBuildPhase section */
		D94498AE16DE443500A71023 /* CopyFiles */ = {
			isa = PBXCopyFilesBuildPhase;
			buildActionMask = 2147483647;
			dstPath = "include/${PRODUCT_NAME}";
			dstSubfolderSpec = 16;
			files = (
			);
			runOnlyForDeploymentPostprocessing = 0;
		};
/* End PBXCopyFilesBuildPhase section */

/* Begin PBXFileReference section */
		100939B31826EF7C0055ABD6 /* CoreMotion.framework */ = {isa = PBXFileReference; lastKnownFileType = wrapper.framework; name = CoreMotion.framework; path = System/Library/Frameworks/CoreMotion.framework; sourceTree = SDKROOT; };
		10445E4717FDE77700B8996A /* B3DMeshGeneric.h */ = {isa = PBXFileReference; fileEncoding = 4; lastKnownFileType = sourcecode.c.h; path = B3DMeshGeneric.h; sourceTree = "<group>"; };
		10445E4817FDE77700B8996A /* B3DMeshGeneric.m */ = {isa = PBXFileReference; fileEncoding = 4; lastKnownFileType = sourcecode.c.objc; path = B3DMeshGeneric.m; sourceTree = "<group>"; };
		1077946116EFE53000B4CA92 /* B3DSprite+Protected.h */ = {isa = PBXFileReference; lastKnownFileType = sourcecode.c.h; path = "B3DSprite+Protected.h"; sourceTree = "<group>"; };
		10CF9FBE17FE368A00D4222F /* B3DPoint.h */ = {isa = PBXFileReference; fileEncoding = 4; lastKnownFileType = sourcecode.c.h; path = B3DPoint.h; sourceTree = "<group>"; };
		10CF9FBF17FE368A00D4222F /* B3DPoint.m */ = {isa = PBXFileReference; fileEncoding = 4; lastKnownFileType = sourcecode.c.objc; path = B3DPoint.m; sourceTree = "<group>"; };
		D928B43F16E4D59800915830 /* B3DAsset+Protected.h */ = {isa = PBXFileReference; lastKnownFileType = sourcecode.c.h; path = "B3DAsset+Protected.h"; sourceTree = "<group>"; };
		D928B44016E4D6FE00915830 /* B3DNode+Protected.h */ = {isa = PBXFileReference; lastKnownFileType = sourcecode.c.h; path = "B3DNode+Protected.h"; sourceTree = "<group>"; };
		D928B44116E4E41C00915830 /* B3DVisibleNode+Protected.h */ = {isa = PBXFileReference; lastKnownFileType = sourcecode.c.h; path = "B3DVisibleNode+Protected.h"; sourceTree = "<group>"; };
		D928B44216E4E68A00915830 /* B3DTexture_Protected.h */ = {isa = PBXFileReference; lastKnownFileType = sourcecode.c.h; path = B3DTexture_Protected.h; sourceTree = "<group>"; };
		D94498B016DE443500A71023 /* libBane3D.a */ = {isa = PBXFileReference; explicitFileType = archive.ar; includeInIndex = 0; path = libBane3D.a; sourceTree = BUILT_PRODUCTS_DIR; };
		D94498B316DE443500A71023 /* Foundation.framework */ = {isa = PBXFileReference; lastKnownFileType = wrapper.framework; name = Foundation.framework; path = System/Library/Frameworks/Foundation.framework; sourceTree = SDKROOT; };
		D94498C116DE443500A71023 /* Bane3DTests.octest */ = {isa = PBXFileReference; explicitFileType = wrapper.cfbundle; includeInIndex = 0; path = Bane3DTests.octest; sourceTree = BUILT_PRODUCTS_DIR; };
		D94498C216DE443500A71023 /* SenTestingKit.framework */ = {isa = PBXFileReference; lastKnownFileType = wrapper.framework; name = SenTestingKit.framework; path = Library/Frameworks/SenTestingKit.framework; sourceTree = DEVELOPER_DIR; };
		D94498DD16DE5C2700A71023 /* Bane3D.h */ = {isa = PBXFileReference; fileEncoding = 4; lastKnownFileType = sourcecode.c.h; path = Bane3D.h; sourceTree = "<group>"; };
		D94498DF16DE5C2700A71023 /* B3DConstants.h */ = {isa = PBXFileReference; fileEncoding = 4; lastKnownFileType = sourcecode.c.h; path = B3DConstants.h; sourceTree = "<group>"; };
		D94498E016DE5C2700A71023 /* B3DConstants.m */ = {isa = PBXFileReference; fileEncoding = 4; lastKnownFileType = sourcecode.c.objc; path = B3DConstants.m; sourceTree = "<group>"; };
		D94498E116DE5C2700A71023 /* B3DDatatypes.h */ = {isa = PBXFileReference; fileEncoding = 4; lastKnownFileType = sourcecode.c.h; path = B3DDatatypes.h; sourceTree = "<group>"; };
		D94498E216DE5C2700A71023 /* B3DDatatypes.m */ = {isa = PBXFileReference; fileEncoding = 4; lastKnownFileType = sourcecode.c.objc; path = B3DDatatypes.m; sourceTree = "<group>"; };
		D94498E316DE5C2700A71023 /* Bane3DEngine.h */ = {isa = PBXFileReference; fileEncoding = 4; lastKnownFileType = sourcecode.c.h; path = Bane3DEngine.h; sourceTree = "<group>"; };
		D94498E416DE5C2700A71023 /* Bane3DEngine.m */ = {isa = PBXFileReference; fileEncoding = 4; lastKnownFileType = sourcecode.c.objc; path = Bane3DEngine.m; sourceTree = "<group>"; };
		D94498E616DE5C2700A71023 /* B3DGLKitViewController.h */ = {isa = PBXFileReference; fileEncoding = 4; lastKnownFileType = sourcecode.c.h; path = B3DGLKitViewController.h; sourceTree = "<group>"; };
		D94498E716DE5C2700A71023 /* B3DGLKitViewController.m */ = {isa = PBXFileReference; fileEncoding = 4; lastKnownFileType = sourcecode.c.objc; path = B3DGLKitViewController.m; sourceTree = "<group>"; };
		D94498E816DE5C2700A71023 /* B3DGLView.h */ = {isa = PBXFileReference; fileEncoding = 4; lastKnownFileType = sourcecode.c.h; path = B3DGLView.h; sourceTree = "<group>"; };
		D94498E916DE5C2700A71023 /* B3DGLView.m */ = {isa = PBXFileReference; fileEncoding = 4; lastKnownFileType = sourcecode.c.objc; path = B3DGLView.m; sourceTree = "<group>"; };
		D94498EA16DE5C2700A71023 /* B3DGLViewController.h */ = {isa = PBXFileReference; fileEncoding = 4; lastKnownFileType = sourcecode.c.h; path = B3DGLViewController.h; sourceTree = "<group>"; };
		D94498EB16DE5C2700A71023 /* B3DGLViewController.m */ = {isa = PBXFileReference; fileEncoding = 4; lastKnownFileType = sourcecode.c.objc; path = B3DGLViewController.m; sourceTree = "<group>"; };
		D94498ED16DE5C2700A71023 /* B3DInputManager.h */ = {isa = PBXFileReference; fileEncoding = 4; lastKnownFileType = sourcecode.c.h; path = B3DInputManager.h; sourceTree = "<group>"; };
		D94498EE16DE5C2700A71023 /* B3DInputManager.m */ = {isa = PBXFileReference; fileEncoding = 4; lastKnownFileType = sourcecode.c.objc; path = B3DInputManager.m; sourceTree = "<group>"; };
		D94498EF16DE5C2700A71023 /* B3DTouchResponder.h */ = {isa = PBXFileReference; fileEncoding = 4; lastKnownFileType = sourcecode.c.h; path = B3DTouchResponder.h; sourceTree = "<group>"; };
		D94498F116DE5C2700A71023 /* B3DMathHelper.h */ = {isa = PBXFileReference; fileEncoding = 4; lastKnownFileType = sourcecode.c.h; path = B3DMathHelper.h; sourceTree = "<group>"; };
		D94498F216DE5C2700A71023 /* B3DMathHelper.m */ = {isa = PBXFileReference; fileEncoding = 4; lastKnownFileType = sourcecode.c.objc; path = B3DMathHelper.m; sourceTree = "<group>"; };
		D94498F416DE5C2700A71023 /* B3DGeometryHelper.h */ = {isa = PBXFileReference; fileEncoding = 4; lastKnownFileType = sourcecode.c.h; path = B3DGeometryHelper.h; sourceTree = "<group>"; };
		D94498F516DE5C2700A71023 /* B3DGeometryHelper.m */ = {isa = PBXFileReference; fileEncoding = 4; lastKnownFileType = sourcecode.c.objc; path = B3DGeometryHelper.m; sourceTree = "<group>"; };
		D94498FA16DE5C2700A71023 /* B3DFrameBuffer.h */ = {isa = PBXFileReference; fileEncoding = 4; lastKnownFileType = sourcecode.c.h; path = B3DFrameBuffer.h; sourceTree = "<group>"; };
		D94498FB16DE5C2700A71023 /* B3DFrameBuffer.m */ = {isa = PBXFileReference; fileEncoding = 4; lastKnownFileType = sourcecode.c.objc; path = B3DFrameBuffer.m; sourceTree = "<group>"; };
		D94498FC16DE5C2700A71023 /* B3DGLStateManager.h */ = {isa = PBXFileReference; fileEncoding = 4; lastKnownFileType = sourcecode.c.h; path = B3DGLStateManager.h; sourceTree = "<group>"; };
		D94498FD16DE5C2700A71023 /* B3DGLStateManager.m */ = {isa = PBXFileReference; fileEncoding = 4; lastKnownFileType = sourcecode.c.objc; path = B3DGLStateManager.m; sourceTree = "<group>"; };
		D94498FE16DE5C2700A71023 /* B3DRenderMan.h */ = {isa = PBXFileReference; fileEncoding = 4; lastKnownFileType = sourcecode.c.h; path = B3DRenderMan.h; sourceTree = "<group>"; };
		D94498FF16DE5C2700A71023 /* B3DRenderMan.m */ = {isa = PBXFileReference; fileEncoding = 4; lastKnownFileType = sourcecode.c.objc; path = B3DRenderMan.m; sourceTree = "<group>"; };
		D944990116DE5C2800A71023 /* B3DOpaqueSpriteSorter.h */ = {isa = PBXFileReference; fileEncoding = 4; lastKnownFileType = sourcecode.c.h; path = B3DOpaqueSpriteSorter.h; sourceTree = "<group>"; };
		D944990216DE5C2800A71023 /* B3DOpaqueSpriteSorter.m */ = {isa = PBXFileReference; fileEncoding = 4; lastKnownFileType = sourcecode.c.objc; path = B3DOpaqueSpriteSorter.m; sourceTree = "<group>"; };
		D944990316DE5C2800A71023 /* B3DSpriteBatcher.h */ = {isa = PBXFileReference; fileEncoding = 4; lastKnownFileType = sourcecode.c.h; path = B3DSpriteBatcher.h; sourceTree = "<group>"; };
		D944990416DE5C2800A71023 /* B3DSpriteBatcher.m */ = {isa = PBXFileReference; fileEncoding = 4; lastKnownFileType = sourcecode.c.objc; path = B3DSpriteBatcher.m; sourceTree = "<group>"; };
		D944990516DE5C2800A71023 /* B3DTransparentNodeSorter.h */ = {isa = PBXFileReference; fileEncoding = 4; lastKnownFileType = sourcecode.c.h; path = B3DTransparentNodeSorter.h; sourceTree = "<group>"; };
		D944990616DE5C2800A71023 /* B3DTransparentNodeSorter.m */ = {isa = PBXFileReference; fileEncoding = 4; lastKnownFileType = sourcecode.c.objc; path = B3DTransparentNodeSorter.m; sourceTree = "<group>"; };
		D944990716DE5C2800A71023 /* B3DVerticeBatchHelper.h */ = {isa = PBXFileReference; fileEncoding = 4; lastKnownFileType = sourcecode.c.h; path = B3DVerticeBatchHelper.h; sourceTree = "<group>"; };
		D944990816DE5C2800A71023 /* B3DVerticeBatchHelper.m */ = {isa = PBXFileReference; fileEncoding = 4; lastKnownFileType = sourcecode.c.objc; path = B3DVerticeBatchHelper.m; sourceTree = "<group>"; };
		D944990B16DE5C2800A71023 /* B3DAudioAsset.h */ = {isa = PBXFileReference; fileEncoding = 4; lastKnownFileType = sourcecode.c.h; path = B3DAudioAsset.h; sourceTree = "<group>"; };
		D944990C16DE5C2800A71023 /* B3DAudioAsset.m */ = {isa = PBXFileReference; fileEncoding = 4; lastKnownFileType = sourcecode.c.objc; path = B3DAudioAsset.m; sourceTree = "<group>"; };
		D944990D16DE5C2800A71023 /* B3DAsset.h */ = {isa = PBXFileReference; fileEncoding = 4; lastKnownFileType = sourcecode.c.h; path = B3DAsset.h; sourceTree = "<group>"; };
		D944990E16DE5C2800A71023 /* B3DAsset.m */ = {isa = PBXFileReference; fileEncoding = 4; lastKnownFileType = sourcecode.c.objc; path = B3DAsset.m; sourceTree = "<group>"; };
		D944990F16DE5C2800A71023 /* B3DAssetManager.h */ = {isa = PBXFileReference; fileEncoding = 4; lastKnownFileType = sourcecode.c.h; path = B3DAssetManager.h; sourceTree = "<group>"; };
		D944991016DE5C2800A71023 /* B3DAssetManager.m */ = {isa = PBXFileReference; fileEncoding = 4; lastKnownFileType = sourcecode.c.objc; path = B3DAssetManager.m; sourceTree = "<group>"; };
		D944991116DE5C2800A71023 /* B3DAssetSet.h */ = {isa = PBXFileReference; fileEncoding = 4; lastKnownFileType = sourcecode.c.h; path = B3DAssetSet.h; sourceTree = "<group>"; };
		D944991216DE5C2800A71023 /* B3DAssetSet.m */ = {isa = PBXFileReference; fileEncoding = 4; lastKnownFileType = sourcecode.c.objc; path = B3DAssetSet.m; sourceTree = "<group>"; };
		D944991316DE5C2800A71023 /* B3DAssetToken.h */ = {isa = PBXFileReference; fileEncoding = 4; lastKnownFileType = sourcecode.c.h; path = B3DAssetToken.h; sourceTree = "<group>"; };
		D944991416DE5C2800A71023 /* B3DAssetToken.m */ = {isa = PBXFileReference; fileEncoding = 4; lastKnownFileType = sourcecode.c.objc; path = B3DAssetToken.m; sourceTree = "<group>"; };
		D944991516DE5C2800A71023 /* B3DSceneLoadingDelegate.h */ = {isa = PBXFileReference; fileEncoding = 4; lastKnownFileType = sourcecode.c.h; path = B3DSceneLoadingDelegate.h; sourceTree = "<group>"; };
		D944991716DE5C2800A71023 /* B3DMaterial.h */ = {isa = PBXFileReference; fileEncoding = 4; lastKnownFileType = sourcecode.c.h; path = B3DMaterial.h; sourceTree = "<group>"; };
		D944991816DE5C2800A71023 /* B3DMaterial.m */ = {isa = PBXFileReference; fileEncoding = 4; lastKnownFileType = sourcecode.c.objc; path = B3DMaterial.m; sourceTree = "<group>"; };
		D944991A16DE5C2800A71023 /* B3DMesh.h */ = {isa = PBXFileReference; fileEncoding = 4; lastKnownFileType = sourcecode.c.h; path = B3DMesh.h; sourceTree = "<group>"; };
		D944991B16DE5C2800A71023 /* B3DMesh.m */ = {isa = PBXFileReference; fileEncoding = 4; lastKnownFileType = sourcecode.c.objc; path = B3DMesh.m; sourceTree = "<group>"; };
		D944991C16DE5C2800A71023 /* B3DMesh3DS.h */ = {isa = PBXFileReference; fileEncoding = 4; lastKnownFileType = sourcecode.c.h; path = B3DMesh3DS.h; sourceTree = "<group>"; };
		D944991D16DE5C2800A71023 /* B3DMesh3DS.m */ = {isa = PBXFileReference; fileEncoding = 4; lastKnownFileType = sourcecode.c.objc; path = B3DMesh3DS.m; sourceTree = "<group>"; };
		D944991E16DE5C2800A71023 /* B3DVertexBuffer.h */ = {isa = PBXFileReference; fileEncoding = 4; lastKnownFileType = sourcecode.c.h; path = B3DVertexBuffer.h; sourceTree = "<group>"; };
		D944991F16DE5C2800A71023 /* B3DVertexBuffer.m */ = {isa = PBXFileReference; fileEncoding = 4; lastKnownFileType = sourcecode.c.objc; path = B3DVertexBuffer.m; sourceTree = "<group>"; };
		D944992116DE5C2800A71023 /* CB3DMeshLoader3DS.cpp */ = {isa = PBXFileReference; fileEncoding = 4; lastKnownFileType = sourcecode.cpp.cpp; path = CB3DMeshLoader3DS.cpp; sourceTree = "<group>"; };
		D944992216DE5C2800A71023 /* CB3DMeshLoader3DS.h */ = {isa = PBXFileReference; fileEncoding = 4; lastKnownFileType = sourcecode.c.h; path = CB3DMeshLoader3DS.h; sourceTree = "<group>"; };
		D944992416DE5C2800A71023 /* B3DShader.h */ = {isa = PBXFileReference; fileEncoding = 4; lastKnownFileType = sourcecode.c.h; path = B3DShader.h; sourceTree = "<group>"; };
		D944992516DE5C2800A71023 /* B3DShader.m */ = {isa = PBXFileReference; fileEncoding = 4; lastKnownFileType = sourcecode.c.objc; path = B3DShader.m; sourceTree = "<group>"; };
		D944992616DE5C2800A71023 /* B3DShaderUniform.h */ = {isa = PBXFileReference; fileEncoding = 4; lastKnownFileType = sourcecode.c.h; path = B3DShaderUniform.h; sourceTree = "<group>"; };
		D944992716DE5C2800A71023 /* B3DShaderUniform.m */ = {isa = PBXFileReference; fileEncoding = 4; lastKnownFileType = sourcecode.c.objc; path = B3DShaderUniform.m; sourceTree = "<group>"; };
		D944992816DE5C2800A71023 /* B3DShaderUnit.h */ = {isa = PBXFileReference; fileEncoding = 4; lastKnownFileType = sourcecode.c.h; path = B3DShaderUnit.h; sourceTree = "<group>"; };
		D944992916DE5C2800A71023 /* B3DShaderUnit.m */ = {isa = PBXFileReference; fileEncoding = 4; lastKnownFileType = sourcecode.c.objc; path = B3DShaderUnit.m; sourceTree = "<group>"; };
		D944992A16DE5C2800A71023 /* B3DShaderUnitFragment.h */ = {isa = PBXFileReference; fileEncoding = 4; lastKnownFileType = sourcecode.c.h; path = B3DShaderUnitFragment.h; sourceTree = "<group>"; };
		D944992B16DE5C2800A71023 /* B3DShaderUnitFragment.m */ = {isa = PBXFileReference; fileEncoding = 4; lastKnownFileType = sourcecode.c.objc; path = B3DShaderUnitFragment.m; sourceTree = "<group>"; };
		D944992C16DE5C2800A71023 /* B3DShaderUnitVertex.h */ = {isa = PBXFileReference; fileEncoding = 4; lastKnownFileType = sourcecode.c.h; path = B3DShaderUnitVertex.h; sourceTree = "<group>"; };
		D944992D16DE5C2800A71023 /* B3DShaderUnitVertex.m */ = {isa = PBXFileReference; fileEncoding = 4; lastKnownFileType = sourcecode.c.objc; path = B3DShaderUnitVertex.m; sourceTree = "<group>"; };
		D944992F16DE5C2800A71023 /* B3DTexture.h */ = {isa = PBXFileReference; fileEncoding = 4; lastKnownFileType = sourcecode.c.h; path = B3DTexture.h; sourceTree = "<group>"; };
		D944993016DE5C2800A71023 /* B3DTexture.m */ = {isa = PBXFileReference; fileEncoding = 4; lastKnownFileType = sourcecode.c.objc; path = B3DTexture.m; sourceTree = "<group>"; };
		D944993116DE5C2800A71023 /* B3DTextureFont.h */ = {isa = PBXFileReference; fileEncoding = 4; lastKnownFileType = sourcecode.c.h; path = B3DTextureFont.h; sourceTree = "<group>"; };
		D944993216DE5C2800A71023 /* B3DTextureFont.m */ = {isa = PBXFileReference; fileEncoding = 4; lastKnownFileType = sourcecode.c.objc; path = B3DTextureFont.m; sourceTree = "<group>"; };
		D944993316DE5C2800A71023 /* B3DTexturePNG.h */ = {isa = PBXFileReference; fileEncoding = 4; lastKnownFileType = sourcecode.c.h; path = B3DTexturePNG.h; sourceTree = "<group>"; };
		D944993416DE5C2800A71023 /* B3DTexturePNG.m */ = {isa = PBXFileReference; fileEncoding = 4; lastKnownFileType = sourcecode.c.objc; path = B3DTexturePNG.m; sourceTree = "<group>"; };
		D944993516DE5C2800A71023 /* B3DTexturePVR.h */ = {isa = PBXFileReference; fileEncoding = 4; lastKnownFileType = sourcecode.c.h; path = B3DTexturePVR.h; sourceTree = "<group>"; };
		D944993616DE5C2800A71023 /* B3DTexturePVR.m */ = {isa = PBXFileReference; fileEncoding = 4; lastKnownFileType = sourcecode.c.objc; path = B3DTexturePVR.m; sourceTree = "<group>"; };
		D944993816DE5C2800A71023 /* B3DNode.h */ = {isa = PBXFileReference; fileEncoding = 4; lastKnownFileType = sourcecode.c.h; path = B3DNode.h; sourceTree = "<group>"; };
		D944993916DE5C2800A71023 /* B3DNode.m */ = {isa = PBXFileReference; fileEncoding = 4; lastKnownFileType = sourcecode.c.objc; path = B3DNode.m; sourceTree = "<group>"; };
		D944993A16DE5C2800A71023 /* B3DSceneManager.h */ = {isa = PBXFileReference; fileEncoding = 4; lastKnownFileType = sourcecode.c.h; path = B3DSceneManager.h; sourceTree = "<group>"; };
		D944993B16DE5C2800A71023 /* B3DSceneManager.m */ = {isa = PBXFileReference; fileEncoding = 4; lastKnownFileType = sourcecode.c.objc; path = B3DSceneManager.m; sourceTree = "<group>"; };
		D944993D16DE5C2800A71023 /* B3DCamera.h */ = {isa = PBXFileReference; fileEncoding = 4; lastKnownFileType = sourcecode.c.h; path = B3DCamera.h; sourceTree = "<group>"; };
		D944993E16DE5C2800A71023 /* B3DCamera.m */ = {isa = PBXFileReference; fileEncoding = 4; lastKnownFileType = sourcecode.c.objc; path = B3DCamera.m; sourceTree = "<group>"; };
		D944993F16DE5C2800A71023 /* B3DScene.h */ = {isa = PBXFileReference; fileEncoding = 4; lastKnownFileType = sourcecode.c.h; path = B3DScene.h; sourceTree = "<group>"; };
		D944994016DE5C2800A71023 /* B3DScene.m */ = {isa = PBXFileReference; fileEncoding = 4; lastKnownFileType = sourcecode.c.objc; path = B3DScene.m; sourceTree = "<group>"; };
		D944994116DE5C2800A71023 /* B3DTimer.h */ = {isa = PBXFileReference; fileEncoding = 4; lastKnownFileType = sourcecode.c.h; path = B3DTimer.h; sourceTree = "<group>"; };
		D944994216DE5C2800A71023 /* B3DTimer.m */ = {isa = PBXFileReference; fileEncoding = 4; lastKnownFileType = sourcecode.c.objc; path = B3DTimer.m; sourceTree = "<group>"; };
		D944994516DE5C2800A71023 /* B3DLabel.h */ = {isa = PBXFileReference; fileEncoding = 4; lastKnownFileType = sourcecode.c.h; path = B3DLabel.h; sourceTree = "<group>"; };
		D944994616DE5C2800A71023 /* B3DLabel.m */ = {isa = PBXFileReference; fileEncoding = 4; lastKnownFileType = sourcecode.c.objc; path = B3DLabel.m; sourceTree = "<group>"; };
		D944994716DE5C2800A71023 /* B3DSprite.h */ = {isa = PBXFileReference; fileEncoding = 4; lastKnownFileType = sourcecode.c.h; path = B3DSprite.h; sourceTree = "<group>"; };
		D944994816DE5C2800A71023 /* B3DSprite.m */ = {isa = PBXFileReference; fileEncoding = 4; lastKnownFileType = sourcecode.c.objc; path = B3DSprite.m; sourceTree = "<group>"; };
		D944994A16DE5C2800A71023 /* B3DGUIButton.h */ = {isa = PBXFileReference; fileEncoding = 4; lastKnownFileType = sourcecode.c.h; path = B3DGUIButton.h; sourceTree = "<group>"; };
		D944994B16DE5C2800A71023 /* B3DGUIButton.m */ = {isa = PBXFileReference; fileEncoding = 4; lastKnownFileType = sourcecode.c.objc; path = B3DGUIButton.m; sourceTree = "<group>"; };
		D944994C16DE5C2800A71023 /* B3DGUIDefaultSplashImage.h */ = {isa = PBXFileReference; fileEncoding = 4; lastKnownFileType = sourcecode.c.h; path = B3DGUIDefaultSplashImage.h; sourceTree = "<group>"; };
		D944994D16DE5C2800A71023 /* B3DGUIDefaultSplashImage.m */ = {isa = PBXFileReference; fileEncoding = 4; lastKnownFileType = sourcecode.c.objc; path = B3DGUIDefaultSplashImage.m; sourceTree = "<group>"; };
		D944994E16DE5C2800A71023 /* B3DGUIDraggable.h */ = {isa = PBXFileReference; fileEncoding = 4; lastKnownFileType = sourcecode.c.h; path = B3DGUIDraggable.h; sourceTree = "<group>"; };
		D944994F16DE5C2800A71023 /* B3DGUIDraggable.m */ = {isa = PBXFileReference; fileEncoding = 4; lastKnownFileType = sourcecode.c.objc; path = B3DGUIDraggable.m; sourceTree = "<group>"; };
		D944995016DE5C2800A71023 /* B3DGUIImage.h */ = {isa = PBXFileReference; fileEncoding = 4; lastKnownFileType = sourcecode.c.h; path = B3DGUIImage.h; sourceTree = "<group>"; };
		D944995116DE5C2800A71023 /* B3DGUIImage.m */ = {isa = PBXFileReference; fileEncoding = 4; lastKnownFileType = sourcecode.c.objc; path = B3DGUIImage.m; sourceTree = "<group>"; };
		D944995216DE5C2800A71023 /* B3DGUITouchable.h */ = {isa = PBXFileReference; fileEncoding = 4; lastKnownFileType = sourcecode.c.h; path = B3DGUITouchable.h; sourceTree = "<group>"; };
		D944995316DE5C2800A71023 /* B3DGUITouchable.m */ = {isa = PBXFileReference; fileEncoding = 4; lastKnownFileType = sourcecode.c.objc; path = B3DGUITouchable.m; sourceTree = "<group>"; };
		D944995516DE5C2800A71023 /* B3DBaseModelNode.h */ = {isa = PBXFileReference; fileEncoding = 4; lastKnownFileType = sourcecode.c.h; path = B3DBaseModelNode.h; sourceTree = "<group>"; };
		D944995616DE5C2800A71023 /* B3DBaseModelNode.m */ = {isa = PBXFileReference; fileEncoding = 4; lastKnownFileType = sourcecode.c.objc; path = B3DBaseModelNode.m; sourceTree = "<group>"; };
		D944995716DE5C2800A71023 /* B3DVisibleNode.h */ = {isa = PBXFileReference; fileEncoding = 4; lastKnownFileType = sourcecode.c.h; path = B3DVisibleNode.h; sourceTree = "<group>"; };
		D944995816DE5C2800A71023 /* B3DVisibleNode.m */ = {isa = PBXFileReference; fileEncoding = 4; lastKnownFileType = sourcecode.c.objc; path = B3DVisibleNode.m; sourceTree = "<group>"; };
		D944995A16DE5C2800A71023 /* B3DDefaultMaterial.h */ = {isa = PBXFileReference; fileEncoding = 4; lastKnownFileType = sourcecode.c.h; path = B3DDefaultMaterial.h; sourceTree = "<group>"; };
		D944995B16DE5C2800A71023 /* B3DDefaultMaterial.m */ = {isa = PBXFileReference; fileEncoding = 4; lastKnownFileType = sourcecode.c.objc; path = B3DDefaultMaterial.m; sourceTree = "<group>"; };
		D944995D16DE5C2800A71023 /* B3DShaderDefaultAmbient.h */ = {isa = PBXFileReference; fileEncoding = 4; lastKnownFileType = sourcecode.c.h; path = B3DShaderDefaultAmbient.h; sourceTree = "<group>"; };
		D944995E16DE5C2800A71023 /* B3DShaderDefaultAmbient.m */ = {isa = PBXFileReference; fileEncoding = 4; lastKnownFileType = sourcecode.c.objc; path = B3DShaderDefaultAmbient.m; sourceTree = "<group>"; };
		D944995F16DE5C2800A71023 /* B3DShaderDefaultBaseColor.h */ = {isa = PBXFileReference; fileEncoding = 4; lastKnownFileType = sourcecode.c.h; path = B3DShaderDefaultBaseColor.h; sourceTree = "<group>"; };
		D944996016DE5C2800A71023 /* B3DShaderDefaultBaseColor.m */ = {isa = PBXFileReference; fileEncoding = 4; lastKnownFileType = sourcecode.c.objc; path = B3DShaderDefaultBaseColor.m; sourceTree = "<group>"; };
		D944996116DE5C2800A71023 /* B3DShaderDefaultSimpleColor.h */ = {isa = PBXFileReference; fileEncoding = 4; lastKnownFileType = sourcecode.c.h; path = B3DShaderDefaultSimpleColor.h; sourceTree = "<group>"; };
		D944996216DE5C2800A71023 /* B3DShaderDefaultSimpleColor.m */ = {isa = PBXFileReference; fileEncoding = 4; lastKnownFileType = sourcecode.c.objc; path = B3DShaderDefaultSimpleColor.m; sourceTree = "<group>"; };
		D944996B16DE5C2800A71023 /* B3DAssert.h */ = {isa = PBXFileReference; fileEncoding = 4; lastKnownFileType = sourcecode.c.h; path = B3DAssert.h; sourceTree = "<group>"; };
		D944996C16DE5C2800A71023 /* B3DAssert.m */ = {isa = PBXFileReference; fileEncoding = 4; lastKnownFileType = sourcecode.c.objc; path = B3DAssert.m; sourceTree = "<group>"; };
		D944996D16DE5C2800A71023 /* B3DColor.h */ = {isa = PBXFileReference; fileEncoding = 4; lastKnownFileType = sourcecode.c.h; path = B3DColor.h; sourceTree = "<group>"; };
		D944996E16DE5C2800A71023 /* B3DColor.m */ = {isa = PBXFileReference; fileEncoding = 4; lastKnownFileType = sourcecode.c.objc; path = B3DColor.m; sourceTree = "<group>"; };
		D944996F16DE5C2800A71023 /* B3DDebug.h */ = {isa = PBXFileReference; fileEncoding = 4; lastKnownFileType = sourcecode.c.h; path = B3DDebug.h; sourceTree = "<group>"; };
		D944997016DE5C2800A71023 /* B3DDebug.m */ = {isa = PBXFileReference; fileEncoding = 4; lastKnownFileType = sourcecode.c.objc; path = B3DDebug.m; sourceTree = "<group>"; };
		D944997116DE5C2800A71023 /* B3DHelper.c */ = {isa = PBXFileReference; fileEncoding = 4; lastKnownFileType = sourcecode.c.c; path = B3DHelper.c; sourceTree = "<group>"; };
		D944997216DE5C2800A71023 /* B3DHelper.h */ = {isa = PBXFileReference; fileEncoding = 4; lastKnownFileType = sourcecode.c.h; path = B3DHelper.h; sourceTree = "<group>"; };
		D944997316DE5C2800A71023 /* B3DTime.h */ = {isa = PBXFileReference; fileEncoding = 4; lastKnownFileType = sourcecode.c.h; path = B3DTime.h; sourceTree = "<group>"; };
		D944997416DE5C2800A71023 /* B3DTime.m */ = {isa = PBXFileReference; fileEncoding = 4; lastKnownFileType = sourcecode.c.objc; path = B3DTime.m; sourceTree = "<group>"; };
		D944997516DE5C2800A71023 /* SynthesizeSingleton.h */ = {isa = PBXFileReference; fileEncoding = 4; lastKnownFileType = sourcecode.c.h; path = SynthesizeSingleton.h; sourceTree = "<group>"; };
		D944997616DE5C2800A71023 /* Bane3D_Prefix.pch */ = {isa = PBXFileReference; fileEncoding = 4; lastKnownFileType = sourcecode.c.h; path = Bane3D_Prefix.pch; sourceTree = "<group>"; };
		D944997816DE5C2800A71023 /* Framework.plist */ = {isa = PBXFileReference; fileEncoding = 4; lastKnownFileType = text.plist.xml; path = Framework.plist; sourceTree = "<group>"; };
		D944997A16DE5C2800A71023 /* build.sh */ = {isa = PBXFileReference; fileEncoding = 4; lastKnownFileType = text.script.sh; path = build.sh; sourceTree = "<group>"; };
		D944997C16DE5C2800A71023 /* Bane3DTests-Info.plist */ = {isa = PBXFileReference; fileEncoding = 4; lastKnownFileType = text.plist.xml; path = "Bane3DTests-Info.plist"; sourceTree = "<group>"; };
		D944997D16DE5C2800A71023 /* Bane3DTests.h */ = {isa = PBXFileReference; fileEncoding = 4; lastKnownFileType = sourcecode.c.h; path = Bane3DTests.h; sourceTree = "<group>"; };
		D944997E16DE5C2800A71023 /* Bane3DTests.m */ = {isa = PBXFileReference; fileEncoding = 4; lastKnownFileType = sourcecode.c.objc; path = Bane3DTests.m; sourceTree = "<group>"; };
		D944998016DE5C2800A71023 /* en */ = {isa = PBXFileReference; lastKnownFileType = text.plist.strings; name = en; path = en.lproj/InfoPlist.strings; sourceTree = "<group>"; };
		D94499C116DE5E6400A71023 /* NSData+MD5.h */ = {isa = PBXFileReference; fileEncoding = 4; lastKnownFileType = sourcecode.c.h; path = "NSData+MD5.h"; sourceTree = "<group>"; };
		D94499C216DE5E6400A71023 /* NSData+MD5.m */ = {isa = PBXFileReference; fileEncoding = 4; lastKnownFileType = sourcecode.c.objc; path = "NSData+MD5.m"; sourceTree = "<group>"; };
		D94499C316DE5E6400A71023 /* NSString+MD5.h */ = {isa = PBXFileReference; fileEncoding = 4; lastKnownFileType = sourcecode.c.h; path = "NSString+MD5.h"; sourceTree = "<group>"; };
		D94499C416DE5E6400A71023 /* NSString+MD5.m */ = {isa = PBXFileReference; fileEncoding = 4; lastKnownFileType = sourcecode.c.objc; path = "NSString+MD5.m"; sourceTree = "<group>"; };
		D94499C516DE5E6400A71023 /* NSString+Utils.h */ = {isa = PBXFileReference; fileEncoding = 4; lastKnownFileType = sourcecode.c.h; path = "NSString+Utils.h"; sourceTree = "<group>"; };
		D94499C616DE5E6400A71023 /* NSString+Utils.m */ = {isa = PBXFileReference; fileEncoding = 4; lastKnownFileType = sourcecode.c.objc; path = "NSString+Utils.m"; sourceTree = "<group>"; };
		D94499C716DE5E6400A71023 /* UIApplication+ApplicationDimensions.h */ = {isa = PBXFileReference; fileEncoding = 4; lastKnownFileType = sourcecode.c.h; path = "UIApplication+ApplicationDimensions.h"; sourceTree = "<group>"; };
		D94499C816DE5E6400A71023 /* UIApplication+ApplicationDimensions.m */ = {isa = PBXFileReference; fileEncoding = 4; lastKnownFileType = sourcecode.c.objc; path = "UIApplication+ApplicationDimensions.m"; sourceTree = "<group>"; };
		D94499CD16DE6D6700A71023 /* Accelerate.framework */ = {isa = PBXFileReference; lastKnownFileType = wrapper.framework; name = Accelerate.framework; path = System/Library/Frameworks/Accelerate.framework; sourceTree = SDKROOT; };
		D94499CF16DE6D7000A71023 /* CoreGraphics.framework */ = {isa = PBXFileReference; lastKnownFileType = wrapper.framework; name = CoreGraphics.framework; path = System/Library/Frameworks/CoreGraphics.framework; sourceTree = SDKROOT; };
		D94499D116DE6D7700A71023 /* OpenGLES.framework */ = {isa = PBXFileReference; lastKnownFileType = wrapper.framework; name = OpenGLES.framework; path = System/Library/Frameworks/OpenGLES.framework; sourceTree = SDKROOT; };
		D94499D316DE6D8600A71023 /* GLKit.framework */ = {isa = PBXFileReference; lastKnownFileType = wrapper.framework; name = GLKit.framework; path = System/Library/Frameworks/GLKit.framework; sourceTree = SDKROOT; };
		D94499D516DE6D9000A71023 /* QuartzCore.framework */ = {isa = PBXFileReference; lastKnownFileType = wrapper.framework; name = QuartzCore.framework; path = System/Library/Frameworks/QuartzCore.framework; sourceTree = SDKROOT; };
		D94499D716DE6DC100A71023 /* UIKit.framework */ = {isa = PBXFileReference; lastKnownFileType = wrapper.framework; name = UIKit.framework; path = System/Library/Frameworks/UIKit.framework; sourceTree = SDKROOT; };
/* End PBXFileReference section */

/* Begin PBXFrameworksBuildPhase section */
		D94498AD16DE443500A71023 /* Frameworks */ = {
			isa = PBXFrameworksBuildPhase;
			buildActionMask = 2147483647;
			files = (
				100939B41826EF7C0055ABD6 /* CoreMotion.framework in Frameworks */,
				D94499D816DE6DC200A71023 /* UIKit.framework in Frameworks */,
				D94499D616DE6D9100A71023 /* QuartzCore.framework in Frameworks */,
				D94499D416DE6D8700A71023 /* GLKit.framework in Frameworks */,
				D94499D216DE6D7900A71023 /* OpenGLES.framework in Frameworks */,
				D94499D016DE6D7100A71023 /* CoreGraphics.framework in Frameworks */,
				D94499CE16DE6D6800A71023 /* Accelerate.framework in Frameworks */,
				D94498B416DE443500A71023 /* Foundation.framework in Frameworks */,
			);
			runOnlyForDeploymentPostprocessing = 0;
		};
		D94498BD16DE443500A71023 /* Frameworks */ = {
			isa = PBXFrameworksBuildPhase;
			buildActionMask = 2147483647;
			files = (
				D94498C316DE443500A71023 /* SenTestingKit.framework in Frameworks */,
				D94498C616DE443500A71023 /* Foundation.framework in Frameworks */,
				D94498C916DE443500A71023 /* libBane3D.a in Frameworks */,
			);
			runOnlyForDeploymentPostprocessing = 0;
		};
/* End PBXFrameworksBuildPhase section */

/* Begin PBXGroup section */
		D94498A716DE443500A71023 = {
			isa = PBXGroup;
			children = (
				D94498DB16DE5C2700A71023 /* Code */,
				D944997716DE5C2800A71023 /* Resources */,
				D944997916DE5C2800A71023 /* Scripts */,
				D944997B16DE5C2800A71023 /* Tests */,
				D94498B216DE443500A71023 /* Frameworks */,
				D94498B116DE443500A71023 /* Products */,
			);
			sourceTree = "<group>";
		};
		D94498B116DE443500A71023 /* Products */ = {
			isa = PBXGroup;
			children = (
				D94498B016DE443500A71023 /* libBane3D.a */,
				D94498C116DE443500A71023 /* Bane3DTests.octest */,
			);
			name = Products;
			sourceTree = "<group>";
		};
		D94498B216DE443500A71023 /* Frameworks */ = {
			isa = PBXGroup;
			children = (
				100939B31826EF7C0055ABD6 /* CoreMotion.framework */,
				D94499D716DE6DC100A71023 /* UIKit.framework */,
				D94499D516DE6D9000A71023 /* QuartzCore.framework */,
				D94499D316DE6D8600A71023 /* GLKit.framework */,
				D94499D116DE6D7700A71023 /* OpenGLES.framework */,
				D94499CF16DE6D7000A71023 /* CoreGraphics.framework */,
				D94499CD16DE6D6700A71023 /* Accelerate.framework */,
				D94498B316DE443500A71023 /* Foundation.framework */,
				D94498C216DE443500A71023 /* SenTestingKit.framework */,
			);
			name = Frameworks;
			sourceTree = "<group>";
		};
		D94498DB16DE5C2700A71023 /* Code */ = {
			isa = PBXGroup;
			children = (
				D944997616DE5C2800A71023 /* Bane3D_Prefix.pch */,
				D94498DC16DE5C2700A71023 /* Bane3D */,
			);
			path = Code;
			sourceTree = "<group>";
		};
		D94498DC16DE5C2700A71023 /* Bane3D */ = {
			isa = PBXGroup;
			children = (
				D94498DD16DE5C2700A71023 /* Bane3D.h */,
				D94498DE16DE5C2700A71023 /* Core */,
				D94498F916DE5C2700A71023 /* Rendering */,
				D944993716DE5C2800A71023 /* SceneGraph */,
				D944990916DE5C2800A71023 /* Resources */,
				D944995916DE5C2800A71023 /* Shader */,
				D94498EC16DE5C2700A71023 /* Input */,
				D94498F016DE5C2700A71023 /* Math */,
				D944996316DE5C2800A71023 /* Utils */,
			);
			path = Bane3D;
			sourceTree = "<group>";
		};
		D94498DE16DE5C2700A71023 /* Core */ = {
			isa = PBXGroup;
			children = (
				D94498E316DE5C2700A71023 /* Bane3DEngine.h */,
				D94498E416DE5C2700A71023 /* Bane3DEngine.m */,
				D94498DF16DE5C2700A71023 /* B3DConstants.h */,
				D94498E016DE5C2700A71023 /* B3DConstants.m */,
				D94498E116DE5C2700A71023 /* B3DDatatypes.h */,
				D94498E216DE5C2700A71023 /* B3DDatatypes.m */,
				D94498E516DE5C2700A71023 /* iOS */,
			);
			path = Core;
			sourceTree = "<group>";
		};
		D94498E516DE5C2700A71023 /* iOS */ = {
			isa = PBXGroup;
			children = (
				D94498EA16DE5C2700A71023 /* B3DGLViewController.h */,
				D94498EB16DE5C2700A71023 /* B3DGLViewController.m */,
				D94498E816DE5C2700A71023 /* B3DGLView.h */,
				D94498E916DE5C2700A71023 /* B3DGLView.m */,
				D94498E616DE5C2700A71023 /* B3DGLKitViewController.h */,
				D94498E716DE5C2700A71023 /* B3DGLKitViewController.m */,
			);
			path = iOS;
			sourceTree = "<group>";
		};
		D94498EC16DE5C2700A71023 /* Input */ = {
			isa = PBXGroup;
			children = (
				D94498ED16DE5C2700A71023 /* B3DInputManager.h */,
				D94498EE16DE5C2700A71023 /* B3DInputManager.m */,
				D94498EF16DE5C2700A71023 /* B3DTouchResponder.h */,
			);
			path = Input;
			sourceTree = "<group>";
		};
		D94498F016DE5C2700A71023 /* Math */ = {
			isa = PBXGroup;
			children = (
				D94498F116DE5C2700A71023 /* B3DMathHelper.h */,
				D94498F216DE5C2700A71023 /* B3DMathHelper.m */,
				D94498F316DE5C2700A71023 /* Geometry */,
			);
			path = Math;
			sourceTree = "<group>";
		};
		D94498F316DE5C2700A71023 /* Geometry */ = {
			isa = PBXGroup;
			children = (
				D94498F416DE5C2700A71023 /* B3DGeometryHelper.h */,
				D94498F516DE5C2700A71023 /* B3DGeometryHelper.m */,
			);
			path = Geometry;
			sourceTree = "<group>";
		};
		D94498F916DE5C2700A71023 /* Rendering */ = {
			isa = PBXGroup;
			children = (
				D94498FE16DE5C2700A71023 /* B3DRenderMan.h */,
				D94498FF16DE5C2700A71023 /* B3DRenderMan.m */,
				D94498FA16DE5C2700A71023 /* B3DFrameBuffer.h */,
				D94498FB16DE5C2700A71023 /* B3DFrameBuffer.m */,
				D94498FC16DE5C2700A71023 /* B3DGLStateManager.h */,
				D94498FD16DE5C2700A71023 /* B3DGLStateManager.m */,
				D944990016DE5C2800A71023 /* Batching */,
			);
			path = Rendering;
			sourceTree = "<group>";
		};
		D944990016DE5C2800A71023 /* Batching */ = {
			isa = PBXGroup;
			children = (
				D944990316DE5C2800A71023 /* B3DSpriteBatcher.h */,
				D944990416DE5C2800A71023 /* B3DSpriteBatcher.m */,
				D944990116DE5C2800A71023 /* B3DOpaqueSpriteSorter.h */,
				D944990216DE5C2800A71023 /* B3DOpaqueSpriteSorter.m */,
				D944990516DE5C2800A71023 /* B3DTransparentNodeSorter.h */,
				D944990616DE5C2800A71023 /* B3DTransparentNodeSorter.m */,
				D944990716DE5C2800A71023 /* B3DVerticeBatchHelper.h */,
				D944990816DE5C2800A71023 /* B3DVerticeBatchHelper.m */,
			);
			path = Batching;
			sourceTree = "<group>";
		};
		D944990916DE5C2800A71023 /* Resources */ = {
			isa = PBXGroup;
			children = (
				D944990D16DE5C2800A71023 /* B3DAsset.h */,
				D944990E16DE5C2800A71023 /* B3DAsset.m */,
				D928B43F16E4D59800915830 /* B3DAsset+Protected.h */,
				D944990F16DE5C2800A71023 /* B3DAssetManager.h */,
				D944991016DE5C2800A71023 /* B3DAssetManager.m */,
				D944991116DE5C2800A71023 /* B3DAssetSet.h */,
				D944991216DE5C2800A71023 /* B3DAssetSet.m */,
				D944991316DE5C2800A71023 /* B3DAssetToken.h */,
				D944991416DE5C2800A71023 /* B3DAssetToken.m */,
				D944991516DE5C2800A71023 /* B3DSceneLoadingDelegate.h */,
				D944990A16DE5C2800A71023 /* Audio */,
				D944991616DE5C2800A71023 /* Material */,
				D944991916DE5C2800A71023 /* Mesh */,
				D944992316DE5C2800A71023 /* Shader */,
				D944992E16DE5C2800A71023 /* Texture */,
			);
			path = Resources;
			sourceTree = "<group>";
		};
		D944990A16DE5C2800A71023 /* Audio */ = {
			isa = PBXGroup;
			children = (
				D944990B16DE5C2800A71023 /* B3DAudioAsset.h */,
				D944990C16DE5C2800A71023 /* B3DAudioAsset.m */,
			);
			path = Audio;
			sourceTree = "<group>";
		};
		D944991616DE5C2800A71023 /* Material */ = {
			isa = PBXGroup;
			children = (
				D944991716DE5C2800A71023 /* B3DMaterial.h */,
				D944991816DE5C2800A71023 /* B3DMaterial.m */,
			);
			path = Material;
			sourceTree = "<group>";
		};
		D944991916DE5C2800A71023 /* Mesh */ = {
			isa = PBXGroup;
			children = (
				D944992016DE5C2800A71023 /* Loader */,
				D944991A16DE5C2800A71023 /* B3DMesh.h */,
				D944991B16DE5C2800A71023 /* B3DMesh.m */,
				D944991E16DE5C2800A71023 /* B3DVertexBuffer.h */,
				D944991F16DE5C2800A71023 /* B3DVertexBuffer.m */,
				10445E4717FDE77700B8996A /* B3DMeshGeneric.h */,
				10445E4817FDE77700B8996A /* B3DMeshGeneric.m */,
				D944991C16DE5C2800A71023 /* B3DMesh3DS.h */,
				D944991D16DE5C2800A71023 /* B3DMesh3DS.m */,
			);
			path = Mesh;
			sourceTree = "<group>";
		};
		D944992016DE5C2800A71023 /* Loader */ = {
			isa = PBXGroup;
			children = (
				D944992216DE5C2800A71023 /* CB3DMeshLoader3DS.h */,
				D944992116DE5C2800A71023 /* CB3DMeshLoader3DS.cpp */,
			);
			path = Loader;
			sourceTree = "<group>";
		};
		D944992316DE5C2800A71023 /* Shader */ = {
			isa = PBXGroup;
			children = (
				D944992416DE5C2800A71023 /* B3DShader.h */,
				D944992516DE5C2800A71023 /* B3DShader.m */,
				D944992616DE5C2800A71023 /* B3DShaderUniform.h */,
				D944992716DE5C2800A71023 /* B3DShaderUniform.m */,
				D944992816DE5C2800A71023 /* B3DShaderUnit.h */,
				D944992916DE5C2800A71023 /* B3DShaderUnit.m */,
				D944992A16DE5C2800A71023 /* B3DShaderUnitFragment.h */,
				D944992B16DE5C2800A71023 /* B3DShaderUnitFragment.m */,
				D944992C16DE5C2800A71023 /* B3DShaderUnitVertex.h */,
				D944992D16DE5C2800A71023 /* B3DShaderUnitVertex.m */,
			);
			path = Shader;
			sourceTree = "<group>";
		};
		D944992E16DE5C2800A71023 /* Texture */ = {
			isa = PBXGroup;
			children = (
				D944992F16DE5C2800A71023 /* B3DTexture.h */,
				D944993016DE5C2800A71023 /* B3DTexture.m */,
				D928B44216E4E68A00915830 /* B3DTexture_Protected.h */,
				D944993116DE5C2800A71023 /* B3DTextureFont.h */,
				D944993216DE5C2800A71023 /* B3DTextureFont.m */,
				D944993316DE5C2800A71023 /* B3DTexturePNG.h */,
				D944993416DE5C2800A71023 /* B3DTexturePNG.m */,
				D944993516DE5C2800A71023 /* B3DTexturePVR.h */,
				D944993616DE5C2800A71023 /* B3DTexturePVR.m */,
			);
			path = Texture;
			sourceTree = "<group>";
		};
		D944993716DE5C2800A71023 /* SceneGraph */ = {
			isa = PBXGroup;
			children = (
				D944993816DE5C2800A71023 /* B3DNode.h */,
				D944993916DE5C2800A71023 /* B3DNode.m */,
				D928B44016E4D6FE00915830 /* B3DNode+Protected.h */,
				D944993A16DE5C2800A71023 /* B3DSceneManager.h */,
				D944993B16DE5C2800A71023 /* B3DSceneManager.m */,
				D944993C16DE5C2800A71023 /* Logical */,
				D944994316DE5C2800A71023 /* Visible */,
			);
			path = SceneGraph;
			sourceTree = "<group>";
		};
		D944993C16DE5C2800A71023 /* Logical */ = {
			isa = PBXGroup;
			children = (
				D944993F16DE5C2800A71023 /* B3DScene.h */,
				D944994016DE5C2800A71023 /* B3DScene.m */,
				D944993D16DE5C2800A71023 /* B3DCamera.h */,
				D944993E16DE5C2800A71023 /* B3DCamera.m */,
				D944994116DE5C2800A71023 /* B3DTimer.h */,
				D944994216DE5C2800A71023 /* B3DTimer.m */,
			);
			path = Logical;
			sourceTree = "<group>";
		};
		D944994316DE5C2800A71023 /* Visible */ = {
			isa = PBXGroup;
			children = (
				D944995716DE5C2800A71023 /* B3DVisibleNode.h */,
				D944995816DE5C2800A71023 /* B3DVisibleNode.m */,
				D928B44116E4E41C00915830 /* B3DVisibleNode+Protected.h */,
				D944994416DE5C2800A71023 /* 2D */,
				D944995416DE5C2800A71023 /* 3D */,
			);
			path = Visible;
			sourceTree = "<group>";
		};
		D944994416DE5C2800A71023 /* 2D */ = {
			isa = PBXGroup;
			children = (
				D944994716DE5C2800A71023 /* B3DSprite.h */,
				D944994816DE5C2800A71023 /* B3DSprite.m */,
				1077946116EFE53000B4CA92 /* B3DSprite+Protected.h */,
				D944994516DE5C2800A71023 /* B3DLabel.h */,
				D944994616DE5C2800A71023 /* B3DLabel.m */,
				D944994916DE5C2800A71023 /* GUI */,
			);
			path = 2D;
			sourceTree = "<group>";
		};
		D944994916DE5C2800A71023 /* GUI */ = {
			isa = PBXGroup;
			children = (
				D944995016DE5C2800A71023 /* B3DGUIImage.h */,
				D944995116DE5C2800A71023 /* B3DGUIImage.m */,
				D944994C16DE5C2800A71023 /* B3DGUIDefaultSplashImage.h */,
				D944994D16DE5C2800A71023 /* B3DGUIDefaultSplashImage.m */,
				D944995216DE5C2800A71023 /* B3DGUITouchable.h */,
				D944995316DE5C2800A71023 /* B3DGUITouchable.m */,
				D944994A16DE5C2800A71023 /* B3DGUIButton.h */,
				D944994B16DE5C2800A71023 /* B3DGUIButton.m */,
				D944994E16DE5C2800A71023 /* B3DGUIDraggable.h */,
				D944994F16DE5C2800A71023 /* B3DGUIDraggable.m */,
			);
			path = GUI;
			sourceTree = "<group>";
		};
		D944995416DE5C2800A71023 /* 3D */ = {
			isa = PBXGroup;
			children = (
				D944995516DE5C2800A71023 /* B3DBaseModelNode.h */,
				D944995616DE5C2800A71023 /* B3DBaseModelNode.m */,
			);
			path = 3D;
			sourceTree = "<group>";
		};
		D944995916DE5C2800A71023 /* Shader */ = {
			isa = PBXGroup;
			children = (
				D944995A16DE5C2800A71023 /* B3DDefaultMaterial.h */,
				D944995B16DE5C2800A71023 /* B3DDefaultMaterial.m */,
				D944995C16DE5C2800A71023 /* Basic */,
			);
			path = Shader;
			sourceTree = "<group>";
		};
		D944995C16DE5C2800A71023 /* Basic */ = {
			isa = PBXGroup;
			children = (
				D944995D16DE5C2800A71023 /* B3DShaderDefaultAmbient.h */,
				D944995E16DE5C2800A71023 /* B3DShaderDefaultAmbient.m */,
				D944995F16DE5C2800A71023 /* B3DShaderDefaultBaseColor.h */,
				D944996016DE5C2800A71023 /* B3DShaderDefaultBaseColor.m */,
				D944996116DE5C2800A71023 /* B3DShaderDefaultSimpleColor.h */,
				D944996216DE5C2800A71023 /* B3DShaderDefaultSimpleColor.m */,
			);
			path = Basic;
			sourceTree = "<group>";
		};
		D944996316DE5C2800A71023 /* Utils */ = {
			isa = PBXGroup;
			children = (
				D94499C016DE5E6400A71023 /* Categories */,
				D944996B16DE5C2800A71023 /* B3DAssert.h */,
				D944996C16DE5C2800A71023 /* B3DAssert.m */,
				D944996D16DE5C2800A71023 /* B3DColor.h */,
				D944996E16DE5C2800A71023 /* B3DColor.m */,
				D944996F16DE5C2800A71023 /* B3DDebug.h */,
				D944997016DE5C2800A71023 /* B3DDebug.m */,
				D944997216DE5C2800A71023 /* B3DHelper.h */,
				D944997116DE5C2800A71023 /* B3DHelper.c */,
				D944997316DE5C2800A71023 /* B3DTime.h */,
				D944997416DE5C2800A71023 /* B3DTime.m */,
				D944997516DE5C2800A71023 /* SynthesizeSingleton.h */,
				10CF9FBE17FE368A00D4222F /* B3DPoint.h */,
				10CF9FBF17FE368A00D4222F /* B3DPoint.m */,
			);
			path = Utils;
			sourceTree = "<group>";
		};
		D944997716DE5C2800A71023 /* Resources */ = {
			isa = PBXGroup;
			children = (
				D944997816DE5C2800A71023 /* Framework.plist */,
			);
			path = Resources;
			sourceTree = "<group>";
		};
		D944997916DE5C2800A71023 /* Scripts */ = {
			isa = PBXGroup;
			children = (
				D944997A16DE5C2800A71023 /* build.sh */,
			);
			path = Scripts;
			sourceTree = "<group>";
		};
		D944997B16DE5C2800A71023 /* Tests */ = {
			isa = PBXGroup;
			children = (
				D944997D16DE5C2800A71023 /* Bane3DTests.h */,
				D944997E16DE5C2800A71023 /* Bane3DTests.m */,
				D944997C16DE5C2800A71023 /* Bane3DTests-Info.plist */,
				D944997F16DE5C2800A71023 /* InfoPlist.strings */,
			);
			path = Tests;
			sourceTree = "<group>";
		};
		D94499C016DE5E6400A71023 /* Categories */ = {
			isa = PBXGroup;
			children = (
				D94499C116DE5E6400A71023 /* NSData+MD5.h */,
				D94499C216DE5E6400A71023 /* NSData+MD5.m */,
				D94499C316DE5E6400A71023 /* NSString+MD5.h */,
				D94499C416DE5E6400A71023 /* NSString+MD5.m */,
				D94499C516DE5E6400A71023 /* NSString+Utils.h */,
				D94499C616DE5E6400A71023 /* NSString+Utils.m */,
				D94499C716DE5E6400A71023 /* UIApplication+ApplicationDimensions.h */,
				D94499C816DE5E6400A71023 /* UIApplication+ApplicationDimensions.m */,
			);
			path = Categories;
			sourceTree = "<group>";
		};
/* End PBXGroup section */

/* Begin PBXNativeTarget section */
		D94498AF16DE443500A71023 /* Bane3D */ = {
			isa = PBXNativeTarget;
			buildConfigurationList = D94498D516DE443500A71023 /* Build configuration list for PBXNativeTarget "Bane3D" */;
			buildPhases = (
				D94498AC16DE443500A71023 /* Sources */,
				D94498AD16DE443500A71023 /* Frameworks */,
				D94498AE16DE443500A71023 /* CopyFiles */,
			);
			buildRules = (
			);
			dependencies = (
			);
			name = Bane3D;
			productName = Bane3D;
			productReference = D94498B016DE443500A71023 /* libBane3D.a */;
			productType = "com.apple.product-type.library.static";
		};
		D94498C016DE443500A71023 /* Bane3DTests */ = {
			isa = PBXNativeTarget;
			buildConfigurationList = D94498D816DE443500A71023 /* Build configuration list for PBXNativeTarget "Bane3DTests" */;
			buildPhases = (
				D94498BC16DE443500A71023 /* Sources */,
				D94498BD16DE443500A71023 /* Frameworks */,
				D94498BE16DE443500A71023 /* Resources */,
				D94498BF16DE443500A71023 /* ShellScript */,
			);
			buildRules = (
			);
			dependencies = (
				D94498C816DE443500A71023 /* PBXTargetDependency */,
			);
			name = Bane3DTests;
			productName = Bane3DTests;
			productReference = D94498C116DE443500A71023 /* Bane3DTests.octest */;
			productType = "com.apple.product-type.bundle";
		};
/* End PBXNativeTarget section */

/* Begin PBXProject section */
		D94498A816DE443500A71023 /* Project object */ = {
			isa = PBXProject;
			attributes = {
				LastUpgradeCheck = 0500;
				ORGANIZATIONNAME = talantium.net;
			};
			buildConfigurationList = D94498AB16DE443500A71023 /* Build configuration list for PBXProject "Bane3D" */;
			compatibilityVersion = "Xcode 3.2";
			developmentRegion = English;
			hasScannedForEncodings = 0;
			knownRegions = (
				en,
			);
			mainGroup = D94498A716DE443500A71023;
			productRefGroup = D94498B116DE443500A71023 /* Products */;
			projectDirPath = "";
			projectRoot = "";
			targets = (
				D94498AF16DE443500A71023 /* Bane3D */,
				D91864AA16DFE6A600F90E44 /* Bane3DFramework */,
				D94498C016DE443500A71023 /* Bane3DTests */,
			);
		};
/* End PBXProject section */

/* Begin PBXResourcesBuildPhase section */
		D94498BE16DE443500A71023 /* Resources */ = {
			isa = PBXResourcesBuildPhase;
			buildActionMask = 2147483647;
			files = (
			);
			runOnlyForDeploymentPostprocessing = 0;
		};
/* End PBXResourcesBuildPhase section */

/* Begin PBXShellScriptBuildPhase section */
		D91864AE16DFE6D300F90E44 /* ShellScript */ = {
			isa = PBXShellScriptBuildPhase;
			buildActionMask = 2147483647;
			files = (
			);
			inputPaths = (
			);
			outputPaths = (
			);
			runOnlyForDeploymentPostprocessing = 0;
			shellPath = /bin/sh;
			shellScript = "script_file=\"Scripts/build.sh\"\n\necho \"Framework > Running custom build phase from script: $script_file\"\n${PROJECT_DIR}/${script_file}\nscriptExitStatus=$?\necho \"Framework > DONE with script: ${script_file} (exitStatus=${scriptExitStatus})\"\nexit \"${scriptExitStatus}\"";
		};
		D94498BF16DE443500A71023 /* ShellScript */ = {
			isa = PBXShellScriptBuildPhase;
			buildActionMask = 2147483647;
			files = (
			);
			inputPaths = (
			);
			outputPaths = (
			);
			runOnlyForDeploymentPostprocessing = 0;
			shellPath = /bin/sh;
			shellScript = "# Run the unit tests in this test bundle.\n\"${SYSTEM_DEVELOPER_DIR}/Tools/RunUnitTests\"\n";
		};
/* End PBXShellScriptBuildPhase section */

/* Begin PBXSourcesBuildPhase section */
		D94498AC16DE443500A71023 /* Sources */ = {
			isa = PBXSourcesBuildPhase;
			buildActionMask = 2147483647;
			files = (
				D944998116DE5C2800A71023 /* B3DConstants.m in Sources */,
				D944998216DE5C2800A71023 /* B3DDatatypes.m in Sources */,
				D944998316DE5C2800A71023 /* Bane3DEngine.m in Sources */,
				D944998416DE5C2800A71023 /* B3DGLKitViewController.m in Sources */,
				D944998516DE5C2800A71023 /* B3DGLView.m in Sources */,
				D944998616DE5C2800A71023 /* B3DGLViewController.m in Sources */,
				D944998716DE5C2800A71023 /* B3DInputManager.m in Sources */,
				D944998816DE5C2800A71023 /* B3DMathHelper.m in Sources */,
				D944998916DE5C2800A71023 /* B3DGeometryHelper.m in Sources */,
				D944998B16DE5C2800A71023 /* B3DFrameBuffer.m in Sources */,
				D944998C16DE5C2800A71023 /* B3DGLStateManager.m in Sources */,
				D944998D16DE5C2800A71023 /* B3DRenderMan.m in Sources */,
				D944998E16DE5C2800A71023 /* B3DOpaqueSpriteSorter.m in Sources */,
				D944998F16DE5C2800A71023 /* B3DSpriteBatcher.m in Sources */,
				D944999016DE5C2800A71023 /* B3DTransparentNodeSorter.m in Sources */,
				D944999116DE5C2800A71023 /* B3DVerticeBatchHelper.m in Sources */,
				D944999216DE5C2800A71023 /* B3DAudioAsset.m in Sources */,
				D944999316DE5C2800A71023 /* B3DAsset.m in Sources */,
				D944999416DE5C2800A71023 /* B3DAssetManager.m in Sources */,
				D944999516DE5C2800A71023 /* B3DAssetSet.m in Sources */,
				10445E4917FDE77700B8996A /* B3DMeshGeneric.m in Sources */,
				D944999616DE5C2800A71023 /* B3DAssetToken.m in Sources */,
				D944999716DE5C2800A71023 /* B3DMaterial.m in Sources */,
				D944999816DE5C2800A71023 /* B3DMesh.m in Sources */,
				D944999916DE5C2800A71023 /* B3DMesh3DS.m in Sources */,
				D944999A16DE5C2800A71023 /* B3DVertexBuffer.m in Sources */,
				D944999B16DE5C2800A71023 /* CB3DMeshLoader3DS.cpp in Sources */,
				D944999C16DE5C2800A71023 /* B3DShader.m in Sources */,
				D944999D16DE5C2800A71023 /* B3DShaderUniform.m in Sources */,
				D944999E16DE5C2800A71023 /* B3DShaderUnit.m in Sources */,
				D944999F16DE5C2800A71023 /* B3DShaderUnitFragment.m in Sources */,
				D94499A016DE5C2800A71023 /* B3DShaderUnitVertex.m in Sources */,
				D94499A116DE5C2800A71023 /* B3DTexture.m in Sources */,
				D94499A216DE5C2800A71023 /* B3DTextureFont.m in Sources */,
				D94499A316DE5C2800A71023 /* B3DTexturePNG.m in Sources */,
				D94499A416DE5C2800A71023 /* B3DTexturePVR.m in Sources */,
				D94499A516DE5C2800A71023 /* B3DNode.m in Sources */,
				D94499A616DE5C2800A71023 /* B3DSceneManager.m in Sources */,
				D94499A716DE5C2800A71023 /* B3DCamera.m in Sources */,
				D94499A816DE5C2800A71023 /* B3DScene.m in Sources */,
				10CF9FC017FE368A00D4222F /* B3DPoint.m in Sources */,
				D94499A916DE5C2800A71023 /* B3DTimer.m in Sources */,
				D94499AA16DE5C2800A71023 /* B3DLabel.m in Sources */,
				D94499AB16DE5C2800A71023 /* B3DSprite.m in Sources */,
				D94499AC16DE5C2800A71023 /* B3DGUIButton.m in Sources */,
				D94499AD16DE5C2800A71023 /* B3DGUIDefaultSplashImage.m in Sources */,
				D94499AE16DE5C2800A71023 /* B3DGUIDraggable.m in Sources */,
				D94499AF16DE5C2800A71023 /* B3DGUIImage.m in Sources */,
				D94499B016DE5C2800A71023 /* B3DGUITouchable.m in Sources */,
				D94499B116DE5C2800A71023 /* B3DBaseModelNode.m in Sources */,
				D94499B216DE5C2800A71023 /* B3DVisibleNode.m in Sources */,
				D94499B316DE5C2800A71023 /* B3DDefaultMaterial.m in Sources */,
				D94499B416DE5C2800A71023 /* B3DShaderDefaultAmbient.m in Sources */,
				D94499B516DE5C2800A71023 /* B3DShaderDefaultBaseColor.m in Sources */,
				D94499B616DE5C2800A71023 /* B3DShaderDefaultSimpleColor.m in Sources */,
				D94499BA16DE5C2800A71023 /* B3DAssert.m in Sources */,
				D94499BB16DE5C2800A71023 /* B3DColor.m in Sources */,
				D94499BC16DE5C2800A71023 /* B3DDebug.m in Sources */,
				D94499BD16DE5C2800A71023 /* B3DHelper.c in Sources */,
				D94499BE16DE5C2800A71023 /* B3DTime.m in Sources */,
				D94499C916DE5E6400A71023 /* NSData+MD5.m in Sources */,
				D94499CA16DE5E6400A71023 /* NSString+MD5.m in Sources */,
				D94499CB16DE5E6400A71023 /* NSString+Utils.m in Sources */,
				D94499CC16DE5E6400A71023 /* UIApplication+ApplicationDimensions.m in Sources */,
			);
			runOnlyForDeploymentPostprocessing = 0;
		};
		D94498BC16DE443500A71023 /* Sources */ = {
			isa = PBXSourcesBuildPhase;
			buildActionMask = 2147483647;
			files = (
				D94499D916DE6F9900A71023 /* Bane3DTests.m in Sources */,
			);
			runOnlyForDeploymentPostprocessing = 0;
		};
/* End PBXSourcesBuildPhase section */

/* Begin PBXTargetDependency section */
		D94498C816DE443500A71023 /* PBXTargetDependency */ = {
			isa = PBXTargetDependency;
			target = D94498AF16DE443500A71023 /* Bane3D */;
			targetProxy = D94498C716DE443500A71023 /* PBXContainerItemProxy */;
		};
/* End PBXTargetDependency section */

/* Begin PBXVariantGroup section */
		D944997F16DE5C2800A71023 /* InfoPlist.strings */ = {
			isa = PBXVariantGroup;
			children = (
				D944998016DE5C2800A71023 /* en */,
			);
			name = InfoPlist.strings;
			sourceTree = "<group>";
		};
/* End PBXVariantGroup section */

/* Begin XCBuildConfiguration section */
		D91864AB16DFE6A600F90E44 /* Debug */ = {
			isa = XCBuildConfiguration;
			buildSettings = {
				PRODUCT_NAME = "$(TARGET_NAME)";
			};
			name = Debug;
		};
		D91864AC16DFE6A600F90E44 /* Release */ = {
			isa = XCBuildConfiguration;
			buildSettings = {
				PRODUCT_NAME = "$(TARGET_NAME)";
			};
			name = Release;
		};
		D94498D316DE443500A71023 /* Debug */ = {
			isa = XCBuildConfiguration;
			buildSettings = {
				CLANG_CXX_LANGUAGE_STANDARD = "gnu++0x";
				CLANG_CXX_LIBRARY = "libc++";
				CLANG_ENABLE_OBJC_ARC = YES;
				CLANG_WARN_CONSTANT_CONVERSION = YES;
				CLANG_WARN_EMPTY_BODY = YES;
				CLANG_WARN_ENUM_CONVERSION = YES;
				CLANG_WARN_INT_CONVERSION = YES;
				CLANG_WARN__DUPLICATE_METHOD_MATCH = YES;
				COPY_PHASE_STRIP = NO;
				GCC_C_LANGUAGE_STANDARD = gnu99;
				GCC_DYNAMIC_NO_PIC = NO;
				GCC_INPUT_FILETYPE = sourcecode.cpp.objcpp;
				GCC_OPTIMIZATION_LEVEL = 0;
				GCC_PREPROCESSOR_DEFINITIONS = (
					"DEBUG=1",
					"$(inherited)",
				);
				GCC_SYMBOLS_PRIVATE_EXTERN = NO;
				GCC_WARN_ABOUT_RETURN_TYPE = YES;
				GCC_WARN_UNINITIALIZED_AUTOS = YES;
				GCC_WARN_UNUSED_VARIABLE = YES;
				HEADER_SEARCH_PATHS = "Code/**";
				IPHONEOS_DEPLOYMENT_TARGET = 6.0;
				ONLY_ACTIVE_ARCH = YES;
				SDKROOT = iphoneos;
				STRIP_STYLE = "non-global";
				TARGETED_DEVICE_FAMILY = "1,2";
				VALID_ARCHS = "armv7 armv7s i386";
			};
			name = Debug;
		};
		D94498D416DE443500A71023 /* Release */ = {
			isa = XCBuildConfiguration;
			buildSettings = {
				CLANG_CXX_LANGUAGE_STANDARD = "gnu++0x";
				CLANG_CXX_LIBRARY = "libc++";
				CLANG_ENABLE_OBJC_ARC = YES;
				CLANG_WARN_CONSTANT_CONVERSION = YES;
				CLANG_WARN_EMPTY_BODY = YES;
				CLANG_WARN_ENUM_CONVERSION = YES;
				CLANG_WARN_INT_CONVERSION = YES;
				CLANG_WARN__DUPLICATE_METHOD_MATCH = YES;
				COPY_PHASE_STRIP = NO;
				GCC_C_LANGUAGE_STANDARD = gnu99;
				GCC_INPUT_FILETYPE = sourcecode.cpp.objcpp;
				GCC_WARN_ABOUT_RETURN_TYPE = YES;
				GCC_WARN_UNINITIALIZED_AUTOS = YES;
				GCC_WARN_UNUSED_VARIABLE = YES;
				HEADER_SEARCH_PATHS = "Code/**";
				IPHONEOS_DEPLOYMENT_TARGET = 6.0;
				SDKROOT = iphoneos;
				STRIP_STYLE = "non-global";
				TARGETED_DEVICE_FAMILY = "1,2";
				VALIDATE_PRODUCT = YES;
				VALID_ARCHS = "armv7 armv7s i386";
			};
			name = Release;
		};
		D94498D616DE443500A71023 /* Debug */ = {
			isa = XCBuildConfiguration;
			buildSettings = {
				DEAD_CODE_STRIPPING = NO;
				DSTROOT = /tmp/Bane3D.dst;
				GCC_PRECOMPILE_PREFIX_HEADER = YES;
				GCC_PREFIX_HEADER = Code/Bane3D_Prefix.pch;
				OTHER_LDFLAGS = "-ObjC";
				PRODUCT_NAME = "$(TARGET_NAME)";
				SKIP_INSTALL = YES;
			};
			name = Debug;
		};
		D94498D716DE443500A71023 /* Release */ = {
			isa = XCBuildConfiguration;
			buildSettings = {
				DEAD_CODE_STRIPPING = NO;
				DSTROOT = /tmp/Bane3D.dst;
				GCC_PRECOMPILE_PREFIX_HEADER = YES;
				GCC_PREFIX_HEADER = Code/Bane3D_Prefix.pch;
				OTHER_LDFLAGS = "-ObjC";
				PRODUCT_NAME = "$(TARGET_NAME)";
				SKIP_INSTALL = YES;
			};
			name = Release;
		};
		D94498D916DE443500A71023 /* Debug */ = {
			isa = XCBuildConfiguration;
			buildSettings = {
				FRAMEWORK_SEARCH_PATHS = (
					"\"$(SDKROOT)/Developer/Library/Frameworks\"",
					"\"$(DEVELOPER_LIBRARY_DIR)/Frameworks\"",
				);
				GCC_PRECOMPILE_PREFIX_HEADER = YES;
				GCC_PREFIX_HEADER = "Bane3D/Bane3D-Prefix.pch";
				INFOPLIST_FILE = "Bane3DTests/Bane3DTests-Info.plist";
				PRODUCT_NAME = "$(TARGET_NAME)";
				WRAPPER_EXTENSION = octest;
			};
			name = Debug;
		};
		D94498DA16DE443500A71023 /* Release */ = {
			isa = XCBuildConfiguration;
			buildSettings = {
				FRAMEWORK_SEARCH_PATHS = (
					"\"$(SDKROOT)/Developer/Library/Frameworks\"",
					"\"$(DEVELOPER_LIBRARY_DIR)/Frameworks\"",
				);
				GCC_PRECOMPILE_PREFIX_HEADER = YES;
				GCC_PREFIX_HEADER = "Bane3D/Bane3D-Prefix.pch";
				INFOPLIST_FILE = "Bane3DTests/Bane3DTests-Info.plist";
				PRODUCT_NAME = "$(TARGET_NAME)";
				WRAPPER_EXTENSION = octest;
			};
			name = Release;
		};
/* End XCBuildConfiguration section */

/* Begin XCConfigurationList section */
		D91864AD16DFE6A600F90E44 /* Build configuration list for PBXAggregateTarget "Bane3DFramework" */ = {
			isa = XCConfigurationList;
			buildConfigurations = (
				D91864AB16DFE6A600F90E44 /* Debug */,
				D91864AC16DFE6A600F90E44 /* Release */,
			);
			defaultConfigurationIsVisible = 0;
			defaultConfigurationName = Release;
		};
		D94498AB16DE443500A71023 /* Build configuration list for PBXProject "Bane3D" */ = {
			isa = XCConfigurationList;
			buildConfigurations = (
				D94498D316DE443500A71023 /* Debug */,
				D94498D416DE443500A71023 /* Release */,
			);
			defaultConfigurationIsVisible = 0;
			defaultConfigurationName = Release;
		};
		D94498D516DE443500A71023 /* Build configuration list for PBXNativeTarget "Bane3D" */ = {
			isa = XCConfigurationList;
			buildConfigurations = (
				D94498D616DE443500A71023 /* Debug */,
				D94498D716DE443500A71023 /* Release */,
			);
			defaultConfigurationIsVisible = 0;
			defaultConfigurationName = Release;
		};
		D94498D816DE443500A71023 /* Build configuration list for PBXNativeTarget "Bane3DTests" */ = {
			isa = XCConfigurationList;
			buildConfigurations = (
				D94498D916DE443500A71023 /* Debug */,
				D94498DA16DE443500A71023 /* Release */,
			);
			defaultConfigurationIsVisible = 0;
			defaultConfigurationName = Release;
		};
/* End XCConfigurationList section */
	};
	rootObject = D94498A816DE443500A71023 /* Project object */;
}
